
Microsoft Visual Studio Solution File, Format Version 12.00
# Visual Studio Version 16
VisualStudioVersion = 16.0.31410.357
MinimumVisualStudioVersion = 10.0.40219.1
Project("{FAE04EC0-301F-11D3-BF4B-00C04F79EFBC}") = "Lista16", "Lista16\Lista16.csproj", "{64594530-9B0B-4118-866C-19E049DDFDCD}"
EndProject
Global
	GlobalSection(SolutionConfigurationPlatforms) = preSolution
		Debug|Any CPU = Debug|Any CPU
		Release|Any CPU = Release|Any CPU
	EndGlobalSection
	GlobalSection(ProjectConfigurationPlatforms) = postSolution
		{64594530-9B0B-4118-866C-19E049DDFDCD}.Debug|Any CPU.ActiveCfg = Debug|Any CPU
		{64594530-9B0B-4118-866C-19E049DDFDCD}.Debug|Any CPU.Build.0 = Debug|Any CPU
		{64594530-9B0B-4118-866C-19E049DDFDCD}.Release|Any CPU.ActiveCfg = Release|Any CPU
		{64594530-9B0B-4118-866C-19E049DDFDCD}.Release|Any CPU.Build.0 = Release|Any CPU
	EndGlobalSection
	GlobalSection(SolutionProperties) = preSolution
		HideSolutionNode = FALSE
	EndGlobalSection
	GlobalSection(ExtensibilityGlobals) = postSolution
		SolutionGuid = {CB61A3FD-AD65-435F-8E1A-137A8E2755F5}
	EndGlobalSection
EndGlobal
