
Microsoft Visual Studio Solution File, Format Version 12.00
# Visual Studio Version 16
VisualStudioVersion = 16.0.31402.337
MinimumVisualStudioVersion = 10.0.40219.1
Project("{FAE04EC0-301F-11D3-BF4B-00C04F79EFBC}") = "Lista15", "Lista15\Lista15.csproj", "{6C100540-6305-40A1-B944-DAEA28065F39}"
EndProject
Global
	GlobalSection(SolutionConfigurationPlatforms) = preSolution
		Debug|Any CPU = Debug|Any CPU
		Release|Any CPU = Release|Any CPU
	EndGlobalSection
	GlobalSection(ProjectConfigurationPlatforms) = postSolution
		{6C100540-6305-40A1-B944-DAEA28065F39}.Debug|Any CPU.ActiveCfg = Debug|Any CPU
		{6C100540-6305-40A1-B944-DAEA28065F39}.Debug|Any CPU.Build.0 = Debug|Any CPU
		{6C100540-6305-40A1-B944-DAEA28065F39}.Release|Any CPU.ActiveCfg = Release|Any CPU
		{6C100540-6305-40A1-B944-DAEA28065F39}.Release|Any CPU.Build.0 = Release|Any CPU
	EndGlobalSection
	GlobalSection(SolutionProperties) = preSolution
		HideSolutionNode = FALSE
	EndGlobalSection
	GlobalSection(ExtensibilityGlobals) = postSolution
		SolutionGuid = {81446D08-0AFA-4A3B-AA01-EEC6737969AD}
	EndGlobalSection
EndGlobal
