
Microsoft Visual Studio Solution File, Format Version 12.00
# Visual Studio Version 16
VisualStudioVersion = 16.0.31112.23
MinimumVisualStudioVersion = 10.0.40219.1
Project("{FAE04EC0-301F-11D3-BF4B-00C04F79EFBC}") = "Lista07e02", "Lista07e02\Lista07e02.csproj", "{56D663C7-1BF9-4618-8117-34540784DECD}"
EndProject
Global
	GlobalSection(SolutionConfigurationPlatforms) = preSolution
		Debug|Any CPU = Debug|Any CPU
		Release|Any CPU = Release|Any CPU
	EndGlobalSection
	GlobalSection(ProjectConfigurationPlatforms) = postSolution
		{56D663C7-1BF9-4618-8117-34540784DECD}.Debug|Any CPU.ActiveCfg = Debug|Any CPU
		{56D663C7-1BF9-4618-8117-34540784DECD}.Debug|Any CPU.Build.0 = Debug|Any CPU
		{56D663C7-1BF9-4618-8117-34540784DECD}.Release|Any CPU.ActiveCfg = Release|Any CPU
		{56D663C7-1BF9-4618-8117-34540784DECD}.Release|Any CPU.Build.0 = Release|Any CPU
	EndGlobalSection
	GlobalSection(SolutionProperties) = preSolution
		HideSolutionNode = FALSE
	EndGlobalSection
	GlobalSection(ExtensibilityGlobals) = postSolution
		SolutionGuid = {57F4DD3E-E78A-4211-A726-0A99859853F0}
	EndGlobalSection
EndGlobal
