
Microsoft Visual Studio Solution File, Format Version 12.00
# Visual Studio Version 16
VisualStudioVersion = 16.0.31112.23
MinimumVisualStudioVersion = 10.0.40219.1
Project("{FAE04EC0-301F-11D3-BF4B-00C04F79EFBC}") = "ExercicioAvaliativo2", "ExercicioAvaliativo2\ExercicioAvaliativo2.csproj", "{6652BBE0-D77B-4910-B938-33614899E26B}"
EndProject
Global
	GlobalSection(SolutionConfigurationPlatforms) = preSolution
		Debug|Any CPU = Debug|Any CPU
		Release|Any CPU = Release|Any CPU
	EndGlobalSection
	GlobalSection(ProjectConfigurationPlatforms) = postSolution
		{6652BBE0-D77B-4910-B938-33614899E26B}.Debug|Any CPU.ActiveCfg = Debug|Any CPU
		{6652BBE0-D77B-4910-B938-33614899E26B}.Debug|Any CPU.Build.0 = Debug|Any CPU
		{6652BBE0-D77B-4910-B938-33614899E26B}.Release|Any CPU.ActiveCfg = Release|Any CPU
		{6652BBE0-D77B-4910-B938-33614899E26B}.Release|Any CPU.Build.0 = Release|Any CPU
	EndGlobalSection
	GlobalSection(SolutionProperties) = preSolution
		HideSolutionNode = FALSE
	EndGlobalSection
	GlobalSection(ExtensibilityGlobals) = postSolution
		SolutionGuid = {5592377B-A511-4DBC-925F-D378634EDD47}
	EndGlobalSection
EndGlobal
