
Microsoft Visual Studio Solution File, Format Version 12.00
# Visual Studio Version 16
VisualStudioVersion = 16.0.31112.23
MinimumVisualStudioVersion = 10.0.40219.1
Project("{FAE04EC0-301F-11D3-BF4B-00C04F79EFBC}") = "Lista08e06", "Lista08e06\Lista08e06.csproj", "{2FAE2F21-9655-46B2-BC6B-F2A98FE240E5}"
EndProject
Global
	GlobalSection(SolutionConfigurationPlatforms) = preSolution
		Debug|Any CPU = Debug|Any CPU
		Release|Any CPU = Release|Any CPU
	EndGlobalSection
	GlobalSection(ProjectConfigurationPlatforms) = postSolution
		{2FAE2F21-9655-46B2-BC6B-F2A98FE240E5}.Debug|Any CPU.ActiveCfg = Debug|Any CPU
		{2FAE2F21-9655-46B2-BC6B-F2A98FE240E5}.Debug|Any CPU.Build.0 = Debug|Any CPU
		{2FAE2F21-9655-46B2-BC6B-F2A98FE240E5}.Release|Any CPU.ActiveCfg = Release|Any CPU
		{2FAE2F21-9655-46B2-BC6B-F2A98FE240E5}.Release|Any CPU.Build.0 = Release|Any CPU
	EndGlobalSection
	GlobalSection(SolutionProperties) = preSolution
		HideSolutionNode = FALSE
	EndGlobalSection
	GlobalSection(ExtensibilityGlobals) = postSolution
		SolutionGuid = {EF992699-6514-4CD3-84E8-30447671215E}
	EndGlobalSection
EndGlobal
