
Microsoft Visual Studio Solution File, Format Version 12.00
# Visual Studio Version 16
VisualStudioVersion = 16.0.31112.23
MinimumVisualStudioVersion = 10.0.40219.1
Project("{FAE04EC0-301F-11D3-BF4B-00C04F79EFBC}") = "Lista07e04", "Lista07e04\Lista07e04.csproj", "{3AD8A838-BE55-4892-812B-1000E04BEE69}"
EndProject
Global
	GlobalSection(SolutionConfigurationPlatforms) = preSolution
		Debug|Any CPU = Debug|Any CPU
		Release|Any CPU = Release|Any CPU
	EndGlobalSection
	GlobalSection(ProjectConfigurationPlatforms) = postSolution
		{3AD8A838-BE55-4892-812B-1000E04BEE69}.Debug|Any CPU.ActiveCfg = Debug|Any CPU
		{3AD8A838-BE55-4892-812B-1000E04BEE69}.Debug|Any CPU.Build.0 = Debug|Any CPU
		{3AD8A838-BE55-4892-812B-1000E04BEE69}.Release|Any CPU.ActiveCfg = Release|Any CPU
		{3AD8A838-BE55-4892-812B-1000E04BEE69}.Release|Any CPU.Build.0 = Release|Any CPU
	EndGlobalSection
	GlobalSection(SolutionProperties) = preSolution
		HideSolutionNode = FALSE
	EndGlobalSection
	GlobalSection(ExtensibilityGlobals) = postSolution
		SolutionGuid = {C36DCB91-D82F-49B6-B950-91F3EE19DCCA}
	EndGlobalSection
EndGlobal
