
Microsoft Visual Studio Solution File, Format Version 12.00
# Visual Studio Version 16
VisualStudioVersion = 16.0.31112.23
MinimumVisualStudioVersion = 10.0.40219.1
Project("{FAE04EC0-301F-11D3-BF4B-00C04F79EFBC}") = "Lista08e03", "Lista08e03\Lista08e03.csproj", "{77FB14CD-42DE-4BF2-A4B4-C70BAD4497CF}"
EndProject
Global
	GlobalSection(SolutionConfigurationPlatforms) = preSolution
		Debug|Any CPU = Debug|Any CPU
		Release|Any CPU = Release|Any CPU
	EndGlobalSection
	GlobalSection(ProjectConfigurationPlatforms) = postSolution
		{77FB14CD-42DE-4BF2-A4B4-C70BAD4497CF}.Debug|Any CPU.ActiveCfg = Debug|Any CPU
		{77FB14CD-42DE-4BF2-A4B4-C70BAD4497CF}.Debug|Any CPU.Build.0 = Debug|Any CPU
		{77FB14CD-42DE-4BF2-A4B4-C70BAD4497CF}.Release|Any CPU.ActiveCfg = Release|Any CPU
		{77FB14CD-42DE-4BF2-A4B4-C70BAD4497CF}.Release|Any CPU.Build.0 = Release|Any CPU
	EndGlobalSection
	GlobalSection(SolutionProperties) = preSolution
		HideSolutionNode = FALSE
	EndGlobalSection
	GlobalSection(ExtensibilityGlobals) = postSolution
		SolutionGuid = {4FD74CBD-8F96-4D8E-9092-FE7F2AF06BCC}
	EndGlobalSection
EndGlobal
