
Microsoft Visual Studio Solution File, Format Version 12.00
# Visual Studio Version 16
VisualStudioVersion = 16.0.31112.23
MinimumVisualStudioVersion = 10.0.40219.1
Project("{FAE04EC0-301F-11D3-BF4B-00C04F79EFBC}") = "Lista06e02", "Lista06e02\Lista06e02.csproj", "{F1F71B13-BF2D-4C6D-AA46-7279E7D68C7E}"
EndProject
Global
	GlobalSection(SolutionConfigurationPlatforms) = preSolution
		Debug|Any CPU = Debug|Any CPU
		Release|Any CPU = Release|Any CPU
	EndGlobalSection
	GlobalSection(ProjectConfigurationPlatforms) = postSolution
		{F1F71B13-BF2D-4C6D-AA46-7279E7D68C7E}.Debug|Any CPU.ActiveCfg = Debug|Any CPU
		{F1F71B13-BF2D-4C6D-AA46-7279E7D68C7E}.Debug|Any CPU.Build.0 = Debug|Any CPU
		{F1F71B13-BF2D-4C6D-AA46-7279E7D68C7E}.Release|Any CPU.ActiveCfg = Release|Any CPU
		{F1F71B13-BF2D-4C6D-AA46-7279E7D68C7E}.Release|Any CPU.Build.0 = Release|Any CPU
	EndGlobalSection
	GlobalSection(SolutionProperties) = preSolution
		HideSolutionNode = FALSE
	EndGlobalSection
	GlobalSection(ExtensibilityGlobals) = postSolution
		SolutionGuid = {2B8C7E79-6852-4D8C-8B55-072630EA34C1}
	EndGlobalSection
EndGlobal
