
Microsoft Visual Studio Solution File, Format Version 12.00
# Visual Studio Version 16
VisualStudioVersion = 16.0.31129.286
MinimumVisualStudioVersion = 10.0.40219.1
Project("{FAE04EC0-301F-11D3-BF4B-00C04F79EFBC}") = "Lista09", "Lista09\Lista09.csproj", "{39AEF1F1-0CC7-4FB0-BF04-F6E0090C8E47}"
EndProject
Global
	GlobalSection(SolutionConfigurationPlatforms) = preSolution
		Debug|Any CPU = Debug|Any CPU
		Release|Any CPU = Release|Any CPU
	EndGlobalSection
	GlobalSection(ProjectConfigurationPlatforms) = postSolution
		{39AEF1F1-0CC7-4FB0-BF04-F6E0090C8E47}.Debug|Any CPU.ActiveCfg = Debug|Any CPU
		{39AEF1F1-0CC7-4FB0-BF04-F6E0090C8E47}.Debug|Any CPU.Build.0 = Debug|Any CPU
		{39AEF1F1-0CC7-4FB0-BF04-F6E0090C8E47}.Release|Any CPU.ActiveCfg = Release|Any CPU
		{39AEF1F1-0CC7-4FB0-BF04-F6E0090C8E47}.Release|Any CPU.Build.0 = Release|Any CPU
	EndGlobalSection
	GlobalSection(SolutionProperties) = preSolution
		HideSolutionNode = FALSE
	EndGlobalSection
	GlobalSection(ExtensibilityGlobals) = postSolution
		SolutionGuid = {666DB6BB-F331-4C9D-BCE9-66E253BD66EC}
	EndGlobalSection
EndGlobal
