
Microsoft Visual Studio Solution File, Format Version 12.00
# Visual Studio Version 16
VisualStudioVersion = 16.0.31129.286
MinimumVisualStudioVersion = 10.0.40219.1
Project("{FAE04EC0-301F-11D3-BF4B-00C04F79EFBC}") = "Switch tecla", "Switch tecla\Switch tecla.csproj", "{50DE412D-ADC0-43D3-AEA9-4AC231C24A28}"
EndProject
Global
	GlobalSection(SolutionConfigurationPlatforms) = preSolution
		Debug|Any CPU = Debug|Any CPU
		Release|Any CPU = Release|Any CPU
	EndGlobalSection
	GlobalSection(ProjectConfigurationPlatforms) = postSolution
		{50DE412D-ADC0-43D3-AEA9-4AC231C24A28}.Debug|Any CPU.ActiveCfg = Debug|Any CPU
		{50DE412D-ADC0-43D3-AEA9-4AC231C24A28}.Debug|Any CPU.Build.0 = Debug|Any CPU
		{50DE412D-ADC0-43D3-AEA9-4AC231C24A28}.Release|Any CPU.ActiveCfg = Release|Any CPU
		{50DE412D-ADC0-43D3-AEA9-4AC231C24A28}.Release|Any CPU.Build.0 = Release|Any CPU
	EndGlobalSection
	GlobalSection(SolutionProperties) = preSolution
		HideSolutionNode = FALSE
	EndGlobalSection
	GlobalSection(ExtensibilityGlobals) = postSolution
		SolutionGuid = {BBA7F37D-3872-491A-827C-44E586898AEB}
	EndGlobalSection
EndGlobal
