
Microsoft Visual Studio Solution File, Format Version 12.00
# Visual Studio Version 16
VisualStudioVersion = 16.0.31205.134
MinimumVisualStudioVersion = 10.0.40219.1
Project("{FAE04EC0-301F-11D3-BF4B-00C04F79EFBC}") = "2aAvaliacao", "2aAvaliacao\2aAvaliacao.csproj", "{267C4643-DC0B-4A21-B8DF-AB02AE6C4752}"
EndProject
Global
	GlobalSection(SolutionConfigurationPlatforms) = preSolution
		Debug|Any CPU = Debug|Any CPU
		Release|Any CPU = Release|Any CPU
	EndGlobalSection
	GlobalSection(ProjectConfigurationPlatforms) = postSolution
		{267C4643-DC0B-4A21-B8DF-AB02AE6C4752}.Debug|Any CPU.ActiveCfg = Debug|Any CPU
		{267C4643-DC0B-4A21-B8DF-AB02AE6C4752}.Debug|Any CPU.Build.0 = Debug|Any CPU
		{267C4643-DC0B-4A21-B8DF-AB02AE6C4752}.Release|Any CPU.ActiveCfg = Release|Any CPU
		{267C4643-DC0B-4A21-B8DF-AB02AE6C4752}.Release|Any CPU.Build.0 = Release|Any CPU
	EndGlobalSection
	GlobalSection(SolutionProperties) = preSolution
		HideSolutionNode = FALSE
	EndGlobalSection
	GlobalSection(ExtensibilityGlobals) = postSolution
		SolutionGuid = {0B08ED28-3877-48E5-8A17-4AFB5D56D3AD}
	EndGlobalSection
EndGlobal
