
Microsoft Visual Studio Solution File, Format Version 12.00
# Visual Studio Version 16
VisualStudioVersion = 16.0.31019.35
MinimumVisualStudioVersion = 10.0.40219.1
Project("{FAE04EC0-301F-11D3-BF4B-00C04F79EFBC}") = "Ola Mundo", "Ola Mundo\Ola Mundo.csproj", "{D1DEFBCA-4806-4B79-9824-98D1E4B0876D}"
EndProject
Global
	GlobalSection(SolutionConfigurationPlatforms) = preSolution
		Debug|Any CPU = Debug|Any CPU
		Release|Any CPU = Release|Any CPU
	EndGlobalSection
	GlobalSection(ProjectConfigurationPlatforms) = postSolution
		{D1DEFBCA-4806-4B79-9824-98D1E4B0876D}.Debug|Any CPU.ActiveCfg = Debug|Any CPU
		{D1DEFBCA-4806-4B79-9824-98D1E4B0876D}.Debug|Any CPU.Build.0 = Debug|Any CPU
		{D1DEFBCA-4806-4B79-9824-98D1E4B0876D}.Release|Any CPU.ActiveCfg = Release|Any CPU
		{D1DEFBCA-4806-4B79-9824-98D1E4B0876D}.Release|Any CPU.Build.0 = Release|Any CPU
	EndGlobalSection
	GlobalSection(SolutionProperties) = preSolution
		HideSolutionNode = FALSE
	EndGlobalSection
	GlobalSection(ExtensibilityGlobals) = postSolution
		SolutionGuid = {23FA7C03-93DB-4C21-9BFD-98F77339D769}
	EndGlobalSection
EndGlobal
