
Microsoft Visual Studio Solution File, Format Version 12.00
# Visual Studio Version 16
VisualStudioVersion = 16.0.31205.134
MinimumVisualStudioVersion = 10.0.40219.1
Project("{FAE04EC0-301F-11D3-BF4B-00C04F79EFBC}") = "Lista11", "Lista11\Lista11.csproj", "{645700A8-E009-48A1-8024-44BC50F6EADA}"
EndProject
Global
	GlobalSection(SolutionConfigurationPlatforms) = preSolution
		Debug|Any CPU = Debug|Any CPU
		Release|Any CPU = Release|Any CPU
	EndGlobalSection
	GlobalSection(ProjectConfigurationPlatforms) = postSolution
		{645700A8-E009-48A1-8024-44BC50F6EADA}.Debug|Any CPU.ActiveCfg = Debug|Any CPU
		{645700A8-E009-48A1-8024-44BC50F6EADA}.Debug|Any CPU.Build.0 = Debug|Any CPU
		{645700A8-E009-48A1-8024-44BC50F6EADA}.Release|Any CPU.ActiveCfg = Release|Any CPU
		{645700A8-E009-48A1-8024-44BC50F6EADA}.Release|Any CPU.Build.0 = Release|Any CPU
	EndGlobalSection
	GlobalSection(SolutionProperties) = preSolution
		HideSolutionNode = FALSE
	EndGlobalSection
	GlobalSection(ExtensibilityGlobals) = postSolution
		SolutionGuid = {742EB007-124B-4E9E-97C5-887C356E9468}
	EndGlobalSection
EndGlobal
